
Microsoft Visual Studio Solution File, Format Version 12.00
# Visual Studio Version 17
VisualStudioVersion = 17.4.33205.214
MinimumVisualStudioVersion = 10.0.40219.1
Project("{8BC9CEB8-8B4A-11D0-8D11-00A0C91BC942}") = "github", "github\github.vcxproj", "{F14F7911-ACC2-4F08-BBF5-BCC54FFA849D}"
EndProject
Global
	GlobalSection(SolutionConfigurationPlatforms) = preSolution
		Debug|x64 = Debug|x64
		Debug|x86 = Debug|x86
		Release|x64 = Release|x64
		Release|x86 = Release|x86
	EndGlobalSection
	GlobalSection(ProjectConfigurationPlatforms) = postSolution
		{F14F7911-ACC2-4F08-BBF5-BCC54FFA849D}.Debug|x64.ActiveCfg = Debug|x64
		{F14F7911-ACC2-4F08-BBF5-BCC54FFA849D}.Debug|x64.Build.0 = Debug|x64
		{F14F7911-ACC2-4F08-BBF5-BCC54FFA849D}.Debug|x86.ActiveCfg = Debug|Win32
		{F14F7911-ACC2-4F08-BBF5-BCC54FFA849D}.Debug|x86.Build.0 = Debug|Win32
		{F14F7911-ACC2-4F08-BBF5-BCC54FFA849D}.Release|x64.ActiveCfg = Release|x64
		{F14F7911-ACC2-4F08-BBF5-BCC54FFA849D}.Release|x64.Build.0 = Release|x64
		{F14F7911-ACC2-4F08-BBF5-BCC54FFA849D}.Release|x86.ActiveCfg = Release|Win32
		{F14F7911-ACC2-4F08-BBF5-BCC54FFA849D}.Release|x86.Build.0 = Release|Win32
	EndGlobalSection
	GlobalSection(SolutionProperties) = preSolution
		HideSolutionNode = FALSE
	EndGlobalSection
	GlobalSection(ExtensibilityGlobals) = postSolution
		SolutionGuid = {3C314020-0F54-4039-934E-7975F482449B}
	EndGlobalSection
EndGlobal
